
Microsoft Visual Studio Solution File, Format Version 12.00
# Visual Studio Version 17
VisualStudioVersion = 17.9.34723.18
MinimumVisualStudioVersion = 10.0.40219.1
Project("{9A19103F-16F7-4668-BE54-9A1E7A4F7556}") = "QRSFactoryWmsAPI", "QRSFactoryWmsAPI\QRSFactoryWmsAPI.csproj", "{0306B4D7-1FC1-40D1-B48A-B8E5521E9689}"
EndProject
Project("{2150E333-8FDC-42A3-9474-1A3956D46DE8}") = "src", "src", "{5A0C85B2-E12B-435E-8854-B2118B4C311D}"
EndProject
Project("{2150E333-8FDC-42A3-9474-1A3956D46DE8}") = "Qiu.Responsity", "Qiu.Responsity", "{EE941901-BE43-4692-AC1C-F49C6B6817CB}"
EndProject
Project("{2150E333-8FDC-42A3-9474-1A3956D46DE8}") = "Qiu.Services", "Qiu.Services", "{8067BC90-A142-4624-B151-0569A2D7FED5}"
EndProject
Project("{2150E333-8FDC-42A3-9474-1A3956D46DE8}") = "Qiu.Util", "Qiu.Util", "{1507B324-65B9-4522-9917-2A59A77D33AF}"
EndProject
Project("{9A19103F-16F7-4668-BE54-9A1E7A4F7556}") = "IServices", "Qiu.Services\IServices\IServices.csproj", "{3ED15622-0E5C-43E5-ABF5-18D144002CD3}"
EndProject
Project("{9A19103F-16F7-4668-BE54-9A1E7A4F7556}") = "Services", "Qiu.Services\Services\Services.csproj", "{739F3C8B-86A0-4572-9DA0-6E8A545E7A24}"
EndProject
Project("{9A19103F-16F7-4668-BE54-9A1E7A4F7556}") = "IResponsitory", "Qiu.Responsity\IResponsity\IResponsitory.csproj", "{95C70C7F-270E-4E2C-8BAC-ABA3F595B240}"
EndProject
Project("{9A19103F-16F7-4668-BE54-9A1E7A4F7556}") = "Responsitory", "Qiu.Responsity\Responsity\Responsitory.csproj", "{2C2FC7B3-4E05-4440-B75A-FAC549A1183F}"
EndProject
Project("{2150E333-8FDC-42A3-9474-1A3956D46DE8}") = "Qiu.Core", "Qiu.Core", "{C2DE0541-EDB5-4CB6-8E9F-57B45176CFA3}"
EndProject
Project("{9A19103F-16F7-4668-BE54-9A1E7A4F7556}") = "Qiu.NetCore", "Qiu.Core\Qiu.NetCore\Qiu.NetCore\Qiu.NetCore.csproj", "{799B4432-A2A1-4D8C-AD60-6EF24F83C2FD}"
EndProject
Project("{9A19103F-16F7-4668-BE54-9A1E7A4F7556}") = "Qiu.NetCoreApp", "Qiu.Core\Qiu.NetCoreApp\Qiu.NetCoreApp.csproj", "{448CEC7E-68CE-4495-AD65-C31260F90E64}"
EndProject
Project("{9A19103F-16F7-4668-BE54-9A1E7A4F7556}") = "Qiu.Utils", "Qiu.Utils\Qiu.Utils.csproj", "{C6ABE767-CA60-4794-B24D-9BED9E4526B6}"
EndProject
Project("{FAE04EC0-301F-11D3-BF4B-00C04F79EFBC}") = "DB", "DB\DB.csproj", "{646E88CD-8B8A-4AE9-B527-5B1DD629E583}"
EndProject
Global
	GlobalSection(SolutionConfigurationPlatforms) = preSolution
		Debug|Any CPU = Debug|Any CPU
		Release|Any CPU = Release|Any CPU
	EndGlobalSection
	GlobalSection(ProjectConfigurationPlatforms) = postSolution
		{0306B4D7-1FC1-40D1-B48A-B8E5521E9689}.Debug|Any CPU.ActiveCfg = Debug|Any CPU
		{0306B4D7-1FC1-40D1-B48A-B8E5521E9689}.Debug|Any CPU.Build.0 = Debug|Any CPU
		{0306B4D7-1FC1-40D1-B48A-B8E5521E9689}.Release|Any CPU.ActiveCfg = Release|Any CPU
		{0306B4D7-1FC1-40D1-B48A-B8E5521E9689}.Release|Any CPU.Build.0 = Release|Any CPU
		{3ED15622-0E5C-43E5-ABF5-18D144002CD3}.Debug|Any CPU.ActiveCfg = Debug|Any CPU
		{3ED15622-0E5C-43E5-ABF5-18D144002CD3}.Debug|Any CPU.Build.0 = Debug|Any CPU
		{3ED15622-0E5C-43E5-ABF5-18D144002CD3}.Release|Any CPU.ActiveCfg = Release|Any CPU
		{3ED15622-0E5C-43E5-ABF5-18D144002CD3}.Release|Any CPU.Build.0 = Release|Any CPU
		{739F3C8B-86A0-4572-9DA0-6E8A545E7A24}.Debug|Any CPU.ActiveCfg = Debug|Any CPU
		{739F3C8B-86A0-4572-9DA0-6E8A545E7A24}.Debug|Any CPU.Build.0 = Debug|Any CPU
		{739F3C8B-86A0-4572-9DA0-6E8A545E7A24}.Release|Any CPU.ActiveCfg = Release|Any CPU
		{739F3C8B-86A0-4572-9DA0-6E8A545E7A24}.Release|Any CPU.Build.0 = Release|Any CPU
		{95C70C7F-270E-4E2C-8BAC-ABA3F595B240}.Debug|Any CPU.ActiveCfg = Debug|Any CPU
		{95C70C7F-270E-4E2C-8BAC-ABA3F595B240}.Debug|Any CPU.Build.0 = Debug|Any CPU
		{95C70C7F-270E-4E2C-8BAC-ABA3F595B240}.Release|Any CPU.ActiveCfg = Release|Any CPU
		{95C70C7F-270E-4E2C-8BAC-ABA3F595B240}.Release|Any CPU.Build.0 = Release|Any CPU
		{2C2FC7B3-4E05-4440-B75A-FAC549A1183F}.Debug|Any CPU.ActiveCfg = Debug|Any CPU
		{2C2FC7B3-4E05-4440-B75A-FAC549A1183F}.Debug|Any CPU.Build.0 = Debug|Any CPU
		{2C2FC7B3-4E05-4440-B75A-FAC549A1183F}.Release|Any CPU.ActiveCfg = Release|Any CPU
		{2C2FC7B3-4E05-4440-B75A-FAC549A1183F}.Release|Any CPU.Build.0 = Release|Any CPU
		{799B4432-A2A1-4D8C-AD60-6EF24F83C2FD}.Debug|Any CPU.ActiveCfg = Debug|Any CPU
		{799B4432-A2A1-4D8C-AD60-6EF24F83C2FD}.Debug|Any CPU.Build.0 = Debug|Any CPU
		{799B4432-A2A1-4D8C-AD60-6EF24F83C2FD}.Release|Any CPU.ActiveCfg = Release|Any CPU
		{799B4432-A2A1-4D8C-AD60-6EF24F83C2FD}.Release|Any CPU.Build.0 = Release|Any CPU
		{448CEC7E-68CE-4495-AD65-C31260F90E64}.Debug|Any CPU.ActiveCfg = Debug|Any CPU
		{448CEC7E-68CE-4495-AD65-C31260F90E64}.Debug|Any CPU.Build.0 = Debug|Any CPU
		{448CEC7E-68CE-4495-AD65-C31260F90E64}.Release|Any CPU.ActiveCfg = Release|Any CPU
		{448CEC7E-68CE-4495-AD65-C31260F90E64}.Release|Any CPU.Build.0 = Release|Any CPU
		{C6ABE767-CA60-4794-B24D-9BED9E4526B6}.Debug|Any CPU.ActiveCfg = Debug|Any CPU
		{C6ABE767-CA60-4794-B24D-9BED9E4526B6}.Debug|Any CPU.Build.0 = Debug|Any CPU
		{C6ABE767-CA60-4794-B24D-9BED9E4526B6}.Release|Any CPU.ActiveCfg = Release|Any CPU
		{C6ABE767-CA60-4794-B24D-9BED9E4526B6}.Release|Any CPU.Build.0 = Release|Any CPU
		{646E88CD-8B8A-4AE9-B527-5B1DD629E583}.Debug|Any CPU.ActiveCfg = Debug|Any CPU
		{646E88CD-8B8A-4AE9-B527-5B1DD629E583}.Debug|Any CPU.Build.0 = Debug|Any CPU
		{646E88CD-8B8A-4AE9-B527-5B1DD629E583}.Release|Any CPU.ActiveCfg = Release|Any CPU
		{646E88CD-8B8A-4AE9-B527-5B1DD629E583}.Release|Any CPU.Build.0 = Release|Any CPU
	EndGlobalSection
	GlobalSection(SolutionProperties) = preSolution
		HideSolutionNode = FALSE
	EndGlobalSection
	GlobalSection(NestedProjects) = preSolution
		{EE941901-BE43-4692-AC1C-F49C6B6817CB} = {5A0C85B2-E12B-435E-8854-B2118B4C311D}
		{8067BC90-A142-4624-B151-0569A2D7FED5} = {5A0C85B2-E12B-435E-8854-B2118B4C311D}
		{1507B324-65B9-4522-9917-2A59A77D33AF} = {5A0C85B2-E12B-435E-8854-B2118B4C311D}
		{3ED15622-0E5C-43E5-ABF5-18D144002CD3} = {8067BC90-A142-4624-B151-0569A2D7FED5}
		{739F3C8B-86A0-4572-9DA0-6E8A545E7A24} = {8067BC90-A142-4624-B151-0569A2D7FED5}
		{95C70C7F-270E-4E2C-8BAC-ABA3F595B240} = {EE941901-BE43-4692-AC1C-F49C6B6817CB}
		{2C2FC7B3-4E05-4440-B75A-FAC549A1183F} = {EE941901-BE43-4692-AC1C-F49C6B6817CB}
		{C2DE0541-EDB5-4CB6-8E9F-57B45176CFA3} = {5A0C85B2-E12B-435E-8854-B2118B4C311D}
		{799B4432-A2A1-4D8C-AD60-6EF24F83C2FD} = {C2DE0541-EDB5-4CB6-8E9F-57B45176CFA3}
		{448CEC7E-68CE-4495-AD65-C31260F90E64} = {C2DE0541-EDB5-4CB6-8E9F-57B45176CFA3}
		{C6ABE767-CA60-4794-B24D-9BED9E4526B6} = {1507B324-65B9-4522-9917-2A59A77D33AF}
		{646E88CD-8B8A-4AE9-B527-5B1DD629E583} = {5A0C85B2-E12B-435E-8854-B2118B4C311D}
	EndGlobalSection
	GlobalSection(ExtensibilityGlobals) = postSolution
		SolutionGuid = {746F64CF-C53D-49F0-8514-84EEE33FD3A7}
	EndGlobalSection
EndGlobal
